// !$*UTF8*$!
{
	archiveVersion = 1;
	classes = {
	};
	objectVersion = 46;
	objects = {

/* Begin PBXBuildFile section */
		3819F7C81DDFC14400E6B321 /* tabBarViewController.swift in Sources */ = {isa = PBXBuildFile; fileRef = 3819F7C71DDFC14400E6B321 /* tabBarViewController.swift */; };
		3819F7CA1DE0628E00E6B321 /* DisplayFoodViewController.swift in Sources */ = {isa = PBXBuildFile; fileRef = 3819F7C91DE0628E00E6B321 /* DisplayFoodViewController.swift */; };
		3819F7CC1DE0652300E6B321 /* AddFoodViewController.swift in Sources */ = {isa = PBXBuildFile; fileRef = 3819F7CB1DE0652300E6B321 /* AddFoodViewController.swift */; };
		381E6B101DE7626B003EE240 /* SymptomViewController.swift in Sources */ = {isa = PBXBuildFile; fileRef = 381E6B0F1DE7626B003EE240 /* SymptomViewController.swift */; };
		381F046A1DE25D99006B43B2 /* SettingsTableViewController.swift in Sources */ = {isa = PBXBuildFile; fileRef = 381F04691DE25D99006B43B2 /* SettingsTableViewController.swift */; };
		381F046C1DE25F58006B43B2 /* ReminderViewController.swift in Sources */ = {isa = PBXBuildFile; fileRef = 381F046B1DE25F58006B43B2 /* ReminderViewController.swift */; };
		381F046E1DE25F69006B43B2 /* TreatmentViewController.swift in Sources */ = {isa = PBXBuildFile; fileRef = 381F046D1DE25F69006B43B2 /* TreatmentViewController.swift */; };
		381F04701DE25F75006B43B2 /* AboutViewController.swift in Sources */ = {isa = PBXBuildFile; fileRef = 381F046F1DE25F75006B43B2 /* AboutViewController.swift */; };
		385533241DEB9725003BCCC3 /* Food+CoreDataProperties.swift in Sources */ = {isa = PBXBuildFile; fileRef = 385533221DEB9725003BCCC3 /* Food+CoreDataProperties.swift */; };
		385533251DEB9725003BCCC3 /* Food.swift in Sources */ = {isa = PBXBuildFile; fileRef = 385533231DEB9725003BCCC3 /* Food.swift */; };
		385533271DEB97B2003BCCC3 /* CoreDataHelper.swift in Sources */ = {isa = PBXBuildFile; fileRef = 385533261DEB97B2003BCCC3 /* CoreDataHelper.swift */; };
		38B912C81DD65BCA00EA5809 /* AppDelegate.swift in Sources */ = {isa = PBXBuildFile; fileRef = 38B912C71DD65BCA00EA5809 /* AppDelegate.swift */; };
		38B912CA1DD65BCA00EA5809 /* ViewController.swift in Sources */ = {isa = PBXBuildFile; fileRef = 38B912C91DD65BCA00EA5809 /* ViewController.swift */; };
		38B912CD1DD65BCA00EA5809 /* Main.storyboard in Resources */ = {isa = PBXBuildFile; fileRef = 38B912CB1DD65BCA00EA5809 /* Main.storyboard */; };
		38B912D01DD65BCA00EA5809 /* _a_EOE.xcdatamodeld in Sources */ = {isa = PBXBuildFile; fileRef = 38B912CE1DD65BCA00EA5809 /* _a_EOE.xcdatamodeld */; };
		38B912D21DD65BCA00EA5809 /* Assets.xcassets in Resources */ = {isa = PBXBuildFile; fileRef = 38B912D11DD65BCA00EA5809 /* Assets.xcassets */; };
		38B912D51DD65BCA00EA5809 /* LaunchScreen.storyboard in Resources */ = {isa = PBXBuildFile; fileRef = 38B912D31DD65BCA00EA5809 /* LaunchScreen.storyboard */; };
		38B912DE1DD65F3A00EA5809 /* RegisterViewController.swift in Sources */ = {isa = PBXBuildFile; fileRef = 38B912DD1DD65F3A00EA5809 /* RegisterViewController.swift */; };
		38B912E01DD6813A00EA5809 /* PortalService.swift in Sources */ = {isa = PBXBuildFile; fileRef = 38B912DF1DD6813A00EA5809 /* PortalService.swift */; };
		38BEB2E51DDBB76F00D9AFDF /* QOLViewController.swift in Sources */ = {isa = PBXBuildFile; fileRef = 38BEB2E41DDBB76F00D9AFDF /* QOLViewController.swift */; };
		38E47E2B1DE6710E004BD807 /* TableViewCell.swift in Sources */ = {isa = PBXBuildFile; fileRef = 38E47E2A1DE6710E004BD807 /* TableViewCell.swift */; };
		38E47E2D1DE67376004BD807 /* FoodModel.swift in Sources */ = {isa = PBXBuildFile; fileRef = 38E47E2C1DE67376004BD807 /* FoodModel.swift */; };
		4F121DADC1179C8F017237FD /* Pods_7a_EOE.framework in Frameworks */ = {isa = PBXBuildFile; fileRef = 92D5AB78AFBFA053531141B6 /* Pods_7a_EOE.framework */; };
/* End PBXBuildFile section */

/* Begin PBXFileReference section */
		3819F7C71DDFC14400E6B321 /* tabBarViewController.swift */ = {isa = PBXFileReference; fileEncoding = 4; lastKnownFileType = sourcecode.swift; path = tabBarViewController.swift; sourceTree = "<group>"; };
		3819F7C91DE0628E00E6B321 /* DisplayFoodViewController.swift */ = {isa = PBXFileReference; fileEncoding = 4; lastKnownFileType = sourcecode.swift; path = DisplayFoodViewController.swift; sourceTree = "<group>"; };
		3819F7CB1DE0652300E6B321 /* AddFoodViewController.swift */ = {isa = PBXFileReference; fileEncoding = 4; lastKnownFileType = sourcecode.swift; path = AddFoodViewController.swift; sourceTree = "<group>"; };
		381E6B0F1DE7626B003EE240 /* SymptomViewController.swift */ = {isa = PBXFileReference; fileEncoding = 4; lastKnownFileType = sourcecode.swift; path = SymptomViewController.swift; sourceTree = "<group>"; };
		381F04691DE25D99006B43B2 /* SettingsTableViewController.swift */ = {isa = PBXFileReference; fileEncoding = 4; lastKnownFileType = sourcecode.swift; path = SettingsTableViewController.swift; sourceTree = "<group>"; };
		381F046B1DE25F58006B43B2 /* ReminderViewController.swift */ = {isa = PBXFileReference; fileEncoding = 4; lastKnownFileType = sourcecode.swift; path = ReminderViewController.swift; sourceTree = "<group>"; };
		381F046D1DE25F69006B43B2 /* TreatmentViewController.swift */ = {isa = PBXFileReference; fileEncoding = 4; lastKnownFileType = sourcecode.swift; path = TreatmentViewController.swift; sourceTree = "<group>"; };
		381F046F1DE25F75006B43B2 /* AboutViewController.swift */ = {isa = PBXFileReference; fileEncoding = 4; lastKnownFileType = sourcecode.swift; path = AboutViewController.swift; sourceTree = "<group>"; };
		385533221DEB9725003BCCC3 /* Food+CoreDataProperties.swift */ = {isa = PBXFileReference; fileEncoding = 4; lastKnownFileType = sourcecode.swift; path = "Food+CoreDataProperties.swift"; sourceTree = "<group>"; };
		385533231DEB9725003BCCC3 /* Food.swift */ = {isa = PBXFileReference; fileEncoding = 4; lastKnownFileType = sourcecode.swift; path = Food.swift; sourceTree = "<group>"; };
		385533261DEB97B2003BCCC3 /* CoreDataHelper.swift */ = {isa = PBXFileReference; fileEncoding = 4; lastKnownFileType = sourcecode.swift; path = CoreDataHelper.swift; sourceTree = "<group>"; };
		38B912C41DD65BCA00EA5809 /* 7a_EOE.app */ = {isa = PBXFileReference; explicitFileType = wrapper.application; includeInIndex = 0; path = 7a_EOE.app; sourceTree = BUILT_PRODUCTS_DIR; };
		38B912C71DD65BCA00EA5809 /* AppDelegate.swift */ = {isa = PBXFileReference; lastKnownFileType = sourcecode.swift; path = AppDelegate.swift; sourceTree = "<group>"; };
		38B912C91DD65BCA00EA5809 /* ViewController.swift */ = {isa = PBXFileReference; lastKnownFileType = sourcecode.swift; path = ViewController.swift; sourceTree = "<group>"; };
		38B912CC1DD65BCA00EA5809 /* Base */ = {isa = PBXFileReference; lastKnownFileType = file.storyboard; name = Base; path = Base.lproj/Main.storyboard; sourceTree = "<group>"; };
		38B912CF1DD65BCA00EA5809 /* _a_EOE.xcdatamodel */ = {isa = PBXFileReference; lastKnownFileType = wrapper.xcdatamodel; path = _a_EOE.xcdatamodel; sourceTree = "<group>"; };
		38B912D11DD65BCA00EA5809 /* Assets.xcassets */ = {isa = PBXFileReference; lastKnownFileType = folder.assetcatalog; path = Assets.xcassets; sourceTree = "<group>"; };
		38B912D41DD65BCA00EA5809 /* Base */ = {isa = PBXFileReference; lastKnownFileType = file.storyboard; name = Base; path = Base.lproj/LaunchScreen.storyboard; sourceTree = "<group>"; };
		38B912D61DD65BCA00EA5809 /* Info.plist */ = {isa = PBXFileReference; lastKnownFileType = text.plist.xml; path = Info.plist; sourceTree = "<group>"; };
		38B912DD1DD65F3A00EA5809 /* RegisterViewController.swift */ = {isa = PBXFileReference; fileEncoding = 4; lastKnownFileType = sourcecode.swift; path = RegisterViewController.swift; sourceTree = "<group>"; };
		38B912DF1DD6813A00EA5809 /* PortalService.swift */ = {isa = PBXFileReference; fileEncoding = 4; lastKnownFileType = sourcecode.swift; path = PortalService.swift; sourceTree = "<group>"; };
		38BEB2E41DDBB76F00D9AFDF /* QOLViewController.swift */ = {isa = PBXFileReference; fileEncoding = 4; lastKnownFileType = sourcecode.swift; path = QOLViewController.swift; sourceTree = "<group>"; };
		38E47E2A1DE6710E004BD807 /* TableViewCell.swift */ = {isa = PBXFileReference; fileEncoding = 4; lastKnownFileType = sourcecode.swift; path = TableViewCell.swift; sourceTree = "<group>"; };
		38E47E2C1DE67376004BD807 /* FoodModel.swift */ = {isa = PBXFileReference; fileEncoding = 4; lastKnownFileType = sourcecode.swift; path = FoodModel.swift; sourceTree = "<group>"; };
		5793A3EFF5BF33B2FC84848E /* Pods-7a_EOE.release.xcconfig */ = {isa = PBXFileReference; includeInIndex = 1; lastKnownFileType = text.xcconfig; name = "Pods-7a_EOE.release.xcconfig"; path = "Pods/Target Support Files/Pods-7a_EOE/Pods-7a_EOE.release.xcconfig"; sourceTree = "<group>"; };
		92D5AB78AFBFA053531141B6 /* Pods_7a_EOE.framework */ = {isa = PBXFileReference; explicitFileType = wrapper.framework; includeInIndex = 0; path = Pods_7a_EOE.framework; sourceTree = BUILT_PRODUCTS_DIR; };
		E890C05C04CF3BEDFE92B941 /* Pods-7a_EOE.debug.xcconfig */ = {isa = PBXFileReference; includeInIndex = 1; lastKnownFileType = text.xcconfig; name = "Pods-7a_EOE.debug.xcconfig"; path = "Pods/Target Support Files/Pods-7a_EOE/Pods-7a_EOE.debug.xcconfig"; sourceTree = "<group>"; };
/* End PBXFileReference section */

/* Begin PBXFrameworksBuildPhase section */
		38B912C11DD65BCA00EA5809 /* Frameworks */ = {
			isa = PBXFrameworksBuildPhase;
			buildActionMask = 2147483647;
			files = (
				4F121DADC1179C8F017237FD /* Pods_7a_EOE.framework in Frameworks */,
			);
			runOnlyForDeploymentPostprocessing = 0;
		};
/* End PBXFrameworksBuildPhase section */

/* Begin PBXGroup section */
		381F04681DE25D87006B43B2 /* Settings */ = {
			isa = PBXGroup;
			children = (
				381F04691DE25D99006B43B2 /* SettingsTableViewController.swift */,
				381F046B1DE25F58006B43B2 /* ReminderViewController.swift */,
				381F046D1DE25F69006B43B2 /* TreatmentViewController.swift */,
				381F046F1DE25F75006B43B2 /* AboutViewController.swift */,
			);
			name = Settings;
			sourceTree = "<group>";
		};
		383556041DDA19620029C2C2 /* Home */ = {
			isa = PBXGroup;
			children = (
				381F04681DE25D87006B43B2 /* Settings */,
				38BEB2E41DDBB76F00D9AFDF /* QOLViewController.swift */,
				3819F7C91DE0628E00E6B321 /* DisplayFoodViewController.swift */,
				3819F7CB1DE0652300E6B321 /* AddFoodViewController.swift */,
				38E47E2A1DE6710E004BD807 /* TableViewCell.swift */,
				38E47E2C1DE67376004BD807 /* FoodModel.swift */,
				381E6B0F1DE7626B003EE240 /* SymptomViewController.swift */,
			);
			name = Home;
			sourceTree = "<group>";
		};
		38B912BB1DD65BCA00EA5809 = {
			isa = PBXGroup;
			children = (
				385533221DEB9725003BCCC3 /* Food+CoreDataProperties.swift */,
				385533231DEB9725003BCCC3 /* Food.swift */,
				38B912C61DD65BCA00EA5809 /* 7a_EOE */,
				38B912C51DD65BCA00EA5809 /* Products */,
				4AC0CA03E54AE5B9FE622970 /* Pods */,
				B2F732031EECB2B7CD8D3CA4 /* Frameworks */,
			);
			sourceTree = "<group>";
		};
		38B912C51DD65BCA00EA5809 /* Products */ = {
			isa = PBXGroup;
			children = (
				38B912C41DD65BCA00EA5809 /* 7a_EOE.app */,
			);
			name = Products;
			sourceTree = "<group>";
		};
		38B912C61DD65BCA00EA5809 /* 7a_EOE */ = {
			isa = PBXGroup;
			children = (
				383556041DDA19620029C2C2 /* Home */,
				38B912DF1DD6813A00EA5809 /* PortalService.swift */,
				38B912DC1DD65F2200EA5809 /* Login/Register */,
				38B912C71DD65BCA00EA5809 /* AppDelegate.swift */,
				38B912CB1DD65BCA00EA5809 /* Main.storyboard */,
				38B912D11DD65BCA00EA5809 /* Assets.xcassets */,
				38B912D31DD65BCA00EA5809 /* LaunchScreen.storyboard */,
				38B912D61DD65BCA00EA5809 /* Info.plist */,
				38B912CE1DD65BCA00EA5809 /* _a_EOE.xcdatamodeld */,
				3819F7C71DDFC14400E6B321 /* tabBarViewController.swift */,
				385533261DEB97B2003BCCC3 /* CoreDataHelper.swift */,
			);
			path = 7a_EOE;
			sourceTree = "<group>";
		};
		38B912DC1DD65F2200EA5809 /* Login/Register */ = {
			isa = PBXGroup;
			children = (
				38B912C91DD65BCA00EA5809 /* ViewController.swift */,
				38B912DD1DD65F3A00EA5809 /* RegisterViewController.swift */,
			);
			name = Login/Register;
			sourceTree = "<group>";
		};
		4AC0CA03E54AE5B9FE622970 /* Pods */ = {
			isa = PBXGroup;
			children = (
				E890C05C04CF3BEDFE92B941 /* Pods-7a_EOE.debug.xcconfig */,
				5793A3EFF5BF33B2FC84848E /* Pods-7a_EOE.release.xcconfig */,
			);
			name = Pods;
			sourceTree = "<group>";
		};
		B2F732031EECB2B7CD8D3CA4 /* Frameworks */ = {
			isa = PBXGroup;
			children = (
				92D5AB78AFBFA053531141B6 /* Pods_7a_EOE.framework */,
			);
			name = Frameworks;
			sourceTree = "<group>";
		};
/* End PBXGroup section */

/* Begin PBXNativeTarget section */
		38B912C31DD65BCA00EA5809 /* 7a_EOE */ = {
			isa = PBXNativeTarget;
			buildConfigurationList = 38B912D91DD65BCA00EA5809 /* Build configuration list for PBXNativeTarget "7a_EOE" */;
			buildPhases = (
				315A30CF26304E4AA474A154 /* [CP] Check Pods Manifest.lock */,
				38B912C01DD65BCA00EA5809 /* Sources */,
				38B912C11DD65BCA00EA5809 /* Frameworks */,
				38B912C21DD65BCA00EA5809 /* Resources */,
				964BABBE865491A269ABB1DF /* [CP] Embed Pods Frameworks */,
				79C8AA2304423992C10F5C2E /* [CP] Copy Pods Resources */,
			);
			buildRules = (
			);
			dependencies = (
			);
			name = 7a_EOE;
			productName = 7a_EOE;
			productReference = 38B912C41DD65BCA00EA5809 /* 7a_EOE.app */;
			productType = "com.apple.product-type.application";
		};
/* End PBXNativeTarget section */

/* Begin PBXProject section */
		38B912BC1DD65BCA00EA5809 /* Project object */ = {
			isa = PBXProject;
			attributes = {
				LastSwiftUpdateCheck = 0730;
				LastUpgradeCheck = 0730;
				ORGANIZATIONNAME = "Rohith Raju";
				TargetAttributes = {
					38B912C31DD65BCA00EA5809 = {
						CreatedOnToolsVersion = 7.3.1;
						DevelopmentTeam = 3D94PCSUML;
					};
				};
			};
			buildConfigurationList = 38B912BF1DD65BCA00EA5809 /* Build configuration list for PBXProject "7a_EOE" */;
			compatibilityVersion = "Xcode 3.2";
			developmentRegion = English;
			hasScannedForEncodings = 0;
			knownRegions = (
				en,
				Base,
			);
			mainGroup = 38B912BB1DD65BCA00EA5809;
			productRefGroup = 38B912C51DD65BCA00EA5809 /* Products */;
			projectDirPath = "";
			projectRoot = "";
			targets = (
				38B912C31DD65BCA00EA5809 /* 7a_EOE */,
			);
		};
/* End PBXProject section */

/* Begin PBXResourcesBuildPhase section */
		38B912C21DD65BCA00EA5809 /* Resources */ = {
			isa = PBXResourcesBuildPhase;
			buildActionMask = 2147483647;
			files = (
				38B912D51DD65BCA00EA5809 /* LaunchScreen.storyboard in Resources */,
				38B912D21DD65BCA00EA5809 /* Assets.xcassets in Resources */,
				38B912CD1DD65BCA00EA5809 /* Main.storyboard in Resources */,
			);
			runOnlyForDeploymentPostprocessing = 0;
		};
/* End PBXResourcesBuildPhase section */

/* Begin PBXShellScriptBuildPhase section */
		315A30CF26304E4AA474A154 /* [CP] Check Pods Manifest.lock */ = {
			isa = PBXShellScriptBuildPhase;
			buildActionMask = 2147483647;
			files = (
			);
			inputPaths = (
			);
			name = "[CP] Check Pods Manifest.lock";
			outputPaths = (
			);
			runOnlyForDeploymentPostprocessing = 0;
			shellPath = /bin/sh;
			shellScript = "diff \"${PODS_ROOT}/../Podfile.lock\" \"${PODS_ROOT}/Manifest.lock\" > /dev/null\nif [ $? != 0 ] ; then\n    # print error to STDERR\n    echo \"error: The sandbox is not in sync with the Podfile.lock. Run 'pod install' or update your CocoaPods installation.\" >&2\n    exit 1\nfi\n";
			showEnvVarsInLog = 0;
		};
		79C8AA2304423992C10F5C2E /* [CP] Copy Pods Resources */ = {
			isa = PBXShellScriptBuildPhase;
			buildActionMask = 2147483647;
			files = (
			);
			inputPaths = (
			);
			name = "[CP] Copy Pods Resources";
			outputPaths = (
			);
			runOnlyForDeploymentPostprocessing = 0;
			shellPath = /bin/sh;
			shellScript = "\"${SRCROOT}/Pods/Target Support Files/Pods-7a_EOE/Pods-7a_EOE-resources.sh\"\n";
			showEnvVarsInLog = 0;
		};
		964BABBE865491A269ABB1DF /* [CP] Embed Pods Frameworks */ = {
			isa = PBXShellScriptBuildPhase;
			buildActionMask = 2147483647;
			files = (
			);
			inputPaths = (
			);
			name = "[CP] Embed Pods Frameworks";
			outputPaths = (
			);
			runOnlyForDeploymentPostprocessing = 0;
			shellPath = /bin/sh;
			shellScript = "\"${SRCROOT}/Pods/Target Support Files/Pods-7a_EOE/Pods-7a_EOE-frameworks.sh\"\n";
			showEnvVarsInLog = 0;
		};
/* End PBXShellScriptBuildPhase section */

/* Begin PBXSourcesBuildPhase section */
		38B912C01DD65BCA00EA5809 /* Sources */ = {
			isa = PBXSourcesBuildPhase;
			buildActionMask = 2147483647;
			files = (
				38E47E2B1DE6710E004BD807 /* TableViewCell.swift in Sources */,
				3819F7CC1DE0652300E6B321 /* AddFoodViewController.swift in Sources */,
				38E47E2D1DE67376004BD807 /* FoodModel.swift in Sources */,
				38B912CA1DD65BCA00EA5809 /* ViewController.swift in Sources */,
				381F046A1DE25D99006B43B2 /* SettingsTableViewController.swift in Sources */,
				385533251DEB9725003BCCC3 /* Food.swift in Sources */,
				38B912C81DD65BCA00EA5809 /* AppDelegate.swift in Sources */,
				38B912D01DD65BCA00EA5809 /* _a_EOE.xcdatamodeld in Sources */,
				38B912E01DD6813A00EA5809 /* PortalService.swift in Sources */,
				3819F7C81DDFC14400E6B321 /* tabBarViewController.swift in Sources */,
				385533241DEB9725003BCCC3 /* Food+CoreDataProperties.swift in Sources */,
				381F046C1DE25F58006B43B2 /* ReminderViewController.swift in Sources */,
				38BEB2E51DDBB76F00D9AFDF /* QOLViewController.swift in Sources */,
				385533271DEB97B2003BCCC3 /* CoreDataHelper.swift in Sources */,
				381F04701DE25F75006B43B2 /* AboutViewController.swift in Sources */,
				3819F7CA1DE0628E00E6B321 /* DisplayFoodViewController.swift in Sources */,
				381F046E1DE25F69006B43B2 /* TreatmentViewController.swift in Sources */,
				381E6B101DE7626B003EE240 /* SymptomViewController.swift in Sources */,
				38B912DE1DD65F3A00EA5809 /* RegisterViewController.swift in Sources */,
			);
			runOnlyForDeploymentPostprocessing = 0;
		};
/* End PBXSourcesBuildPhase section */

/* Begin PBXVariantGroup section */
		38B912CB1DD65BCA00EA5809 /* Main.storyboard */ = {
			isa = PBXVariantGroup;
			children = (
				38B912CC1DD65BCA00EA5809 /* Base */,
			);
			name = Main.storyboard;
			sourceTree = "<group>";
		};
		38B912D31DD65BCA00EA5809 /* LaunchScreen.storyboard */ = {
			isa = PBXVariantGroup;
			children = (
				38B912D41DD65BCA00EA5809 /* Base */,
			);
			name = LaunchScreen.storyboard;
			sourceTree = "<group>";
		};
/* End PBXVariantGroup section */

/* Begin XCBuildConfiguration section */
		38B912D71DD65BCA00EA5809 /* Debug */ = {
			isa = XCBuildConfiguration;
			buildSettings = {
				ALWAYS_SEARCH_USER_PATHS = NO;
				CLANG_ANALYZER_NONNULL = YES;
				CLANG_CXX_LANGUAGE_STANDARD = "gnu++0x";
				CLANG_CXX_LIBRARY = "libc++";
				CLANG_ENABLE_MODULES = YES;
				CLANG_ENABLE_OBJC_ARC = YES;
				CLANG_WARN_BOOL_CONVERSION = YES;
				CLANG_WARN_CONSTANT_CONVERSION = YES;
				CLANG_WARN_DIRECT_OBJC_ISA_USAGE = YES_ERROR;
				CLANG_WARN_EMPTY_BODY = YES;
				CLANG_WARN_ENUM_CONVERSION = YES;
				CLANG_WARN_INT_CONVERSION = YES;
				CLANG_WARN_OBJC_ROOT_CLASS = YES_ERROR;
				CLANG_WARN_UNREACHABLE_CODE = YES;
				CLANG_WARN__DUPLICATE_METHOD_MATCH = YES;
				"CODE_SIGN_IDENTITY[sdk=iphoneos*]" = "iPhone Developer";
				COPY_PHASE_STRIP = NO;
				DEBUG_INFORMATION_FORMAT = dwarf;
				ENABLE_STRICT_OBJC_MSGSEND = YES;
				ENABLE_TESTABILITY = YES;
				GCC_C_LANGUAGE_STANDARD = gnu99;
				GCC_DYNAMIC_NO_PIC = NO;
				GCC_NO_COMMON_BLOCKS = YES;
				GCC_OPTIMIZATION_LEVEL = 0;
				GCC_PREPROCESSOR_DEFINITIONS = (
					"DEBUG=1",
					"$(inherited)",
				);
				GCC_WARN_64_TO_32_BIT_CONVERSION = YES;
				GCC_WARN_ABOUT_RETURN_TYPE = YES_ERROR;
				GCC_WARN_UNDECLARED_SELECTOR = YES;
				GCC_WARN_UNINITIALIZED_AUTOS = YES_AGGRESSIVE;
				GCC_WARN_UNUSED_FUNCTION = YES;
				GCC_WARN_UNUSED_VARIABLE = YES;
				IPHONEOS_DEPLOYMENT_TARGET = 9.3;
				MTL_ENABLE_DEBUG_INFO = YES;
				ONLY_ACTIVE_ARCH = YES;
				SDKROOT = iphoneos;
				SWIFT_OPTIMIZATION_LEVEL = "-Onone";
				TARGETED_DEVICE_FAMILY = "1,2";
			};
			name = Debug;
		};
		38B912D81DD65BCA00EA5809 /* Release */ = {
			isa = XCBuildConfiguration;
			buildSettings = {
				ALWAYS_SEARCH_USER_PATHS = NO;
				CLANG_ANALYZER_NONNULL = YES;
				CLANG_CXX_LANGUAGE_STANDARD = "gnu++0x";
				CLANG_CXX_LIBRARY = "libc++";
				CLANG_ENABLE_MODULES = YES;
				CLANG_ENABLE_OBJC_ARC = YES;
				CLANG_WARN_BOOL_CONVERSION = YES;
				CLANG_WARN_CONSTANT_CONVERSION = YES;
				CLANG_WARN_DIRECT_OBJC_ISA_USAGE = YES_ERROR;
				CLANG_WARN_EMPTY_BODY = YES;
				CLANG_WARN_ENUM_CONVERSION = YES;
				CLANG_WARN_INT_CONVERSION = YES;
				CLANG_WARN_OBJC_ROOT_CLASS = YES_ERROR;
				CLANG_WARN_UNREACHABLE_CODE = YES;
				CLANG_WARN__DUPLICATE_METHOD_MATCH = YES;
				"CODE_SIGN_IDENTITY[sdk=iphoneos*]" = "iPhone Developer";
				COPY_PHASE_STRIP = NO;
				DEBUG_INFORMATION_FORMAT = "dwarf-with-dsym";
				ENABLE_NS_ASSERTIONS = NO;
				ENABLE_STRICT_OBJC_MSGSEND = YES;
				GCC_C_LANGUAGE_STANDARD = gnu99;
				GCC_NO_COMMON_BLOCKS = YES;
				GCC_WARN_64_TO_32_BIT_CONVERSION = YES;
				GCC_WARN_ABOUT_RETURN_TYPE = YES_ERROR;
				GCC_WARN_UNDECLARED_SELECTOR = YES;
				GCC_WARN_UNINITIALIZED_AUTOS = YES_AGGRESSIVE;
				GCC_WARN_UNUSED_FUNCTION = YES;
				GCC_WARN_UNUSED_VARIABLE = YES;
				IPHONEOS_DEPLOYMENT_TARGET = 9.3;
				MTL_ENABLE_DEBUG_INFO = NO;
				SDKROOT = iphoneos;
				TARGETED_DEVICE_FAMILY = "1,2";
				VALIDATE_PRODUCT = YES;
			};
			name = Release;
		};
		38B912DA1DD65BCA00EA5809 /* Debug */ = {
			isa = XCBuildConfiguration;
			baseConfigurationReference = E890C05C04CF3BEDFE92B941 /* Pods-7a_EOE.debug.xcconfig */;
			buildSettings = {
				ASSETCATALOG_COMPILER_APPICON_NAME = AppIcon;
				CODE_SIGN_IDENTITY = "iPhone Developer";
				"CODE_SIGN_IDENTITY[sdk=iphoneos*]" = "iPhone Developer";
				INFOPLIST_FILE = 7a_EOE/Info.plist;
				LD_RUNPATH_SEARCH_PATHS = "$(inherited) @executable_path/Frameworks";
				PRODUCT_BUNDLE_IDENTIFIER = "CU.-a-EOE";
				PRODUCT_NAME = "$(TARGET_NAME)";
				PROVISIONING_PROFILE = "";
			};
			name = Debug;
		};
		38B912DB1DD65BCA00EA5809 /* Release */ = {
			isa = XCBuildConfiguration;
			baseConfigurationReference = 5793A3EFF5BF33B2FC84848E /* Pods-7a_EOE.release.xcconfig */;
			buildSettings = {
				ASSETCATALOG_COMPILER_APPICON_NAME = AppIcon;
				CODE_SIGN_IDENTITY = "iPhone Developer";
				"CODE_SIGN_IDENTITY[sdk=iphoneos*]" = "iPhone Developer";
				INFOPLIST_FILE = 7a_EOE/Info.plist;
				LD_RUNPATH_SEARCH_PATHS = "$(inherited) @executable_path/Frameworks";
				PRODUCT_BUNDLE_IDENTIFIER = "CU.-a-EOE";
				PRODUCT_NAME = "$(TARGET_NAME)";
				PROVISIONING_PROFILE = "";
			};
			name = Release;
		};
/* End XCBuildConfiguration section */

/* Begin XCConfigurationList section */
		38B912BF1DD65BCA00EA5809 /* Build configuration list for PBXProject "7a_EOE" */ = {
			isa = XCConfigurationList;
			buildConfigurations = (
				38B912D71DD65BCA00EA5809 /* Debug */,
				38B912D81DD65BCA00EA5809 /* Release */,
			);
			defaultConfigurationIsVisible = 0;
			defaultConfigurationName = Release;
		};
		38B912D91DD65BCA00EA5809 /* Build configuration list for PBXNativeTarget "7a_EOE" */ = {
			isa = XCConfigurationList;
			buildConfigurations = (
				38B912DA1DD65BCA00EA5809 /* Debug */,
				38B912DB1DD65BCA00EA5809 /* Release */,
			);
			defaultConfigurationIsVisible = 0;
			defaultConfigurationName = Release;
		};
/* End XCConfigurationList section */

/* Begin XCVersionGroup section */
		38B912CE1DD65BCA00EA5809 /* _a_EOE.xcdatamodeld */ = {
			isa = XCVersionGroup;
			children = (
				38B912CF1DD65BCA00EA5809 /* _a_EOE.xcdatamodel */,
			);
			currentVersion = 38B912CF1DD65BCA00EA5809 /* _a_EOE.xcdatamodel */;
			path = _a_EOE.xcdatamodeld;
			sourceTree = "<group>";
			versionGroupType = wrapper.xcdatamodel;
		};
/* End XCVersionGroup section */
	};
	rootObject = 38B912BC1DD65BCA00EA5809 /* Project object */;
}
